{
  "name": "@indent/new-webhook",
  "version": "0.0.0",
  "lockfileVersion": 2,
  "requires": true,
  "packages": {
    "": {
      "name": "@indent/new-webhook",
      "version": "0.0.0",
      "license": "Apache-2.0",
      "dependencies": {
        "@indent/base-webhook": "*",
        "@indent/types": "^0.2.1"
      }
    },
    "node_modules/@indent/base-webhook": {
      "version": "0.0.1-canary.4",
      "resolved": "https://registry.npmjs.org/@indent/base-webhook/-/base-webhook-0.0.1-canary.4.tgz",
      "integrity": "sha512-cGLWnazn60vfyzllrPUC6j/GLnB3UTvUUP7SxilA7tPYXz5uIw7iwUt8zRny1ovoyyxgVEB/Y3EF1DqPAYWNsQ=="
    },
    "node_modules/@indent/types": {
      "version": "0.2.1",
      "resolved": "https://registry.npmjs.org/@indent/types/-/types-0.2.1.tgz",
      "integrity": "sha512-Z6UeiQHiQrcPeGYHPU5ua59Sk3pHtEO1zctooQTXeFKhDKMEES7+5P7LJ1MUYV0JuAdXrrm4ClBs+hQaexGg5g=="
    }
  },
  "dependencies": {
    "@indent/base-webhook": {
      "version": "0.0.1-canary.4",
      "resolved": "https://registry.npmjs.org/@indent/base-webhook/-/base-webhook-0.0.1-canary.4.tgz",
      "integrity": "sha512-cGLWnazn60vfyzllrPUC6j/GLnB3UTvUUP7SxilA7tPYXz5uIw7iwUt8zRny1ovoyyxgVEB/Y3EF1DqPAYWNsQ=="
    },
    "@indent/types": {
      "version": "0.2.1",
      "resolved": "https://registry.npmjs.org/@indent/types/-/types-0.2.1.tgz",
      "integrity": "sha512-Z6UeiQHiQrcPeGYHPU5ua59Sk3pHtEO1zctooQTXeFKhDKMEES7+5P7LJ1MUYV0JuAdXrrm4ClBs+hQaexGg5g=="
    }
  }
}
